
Microsoft Visual Studio Solution File, Format Version 12.00
# Visual Studio Version 16
VisualStudioVersion = 16.0.31702.278
MinimumVisualStudioVersion = 10.0.40219.1
Project("{FAE04EC0-301F-11D3-BF4B-00C04F79EFBC}") = "Kalk4", "Kalk4\Kalk4.csproj", "{8BC44415-632D-4987-A5D5-23DAE81F0ED3}"
EndProject
Global
	GlobalSection(SolutionConfigurationPlatforms) = preSolution
		Debug|Any CPU = Debug|Any CPU
		Release|Any CPU = Release|Any CPU
	EndGlobalSection
	GlobalSection(ProjectConfigurationPlatforms) = postSolution
		{8BC44415-632D-4987-A5D5-23DAE81F0ED3}.Debug|Any CPU.ActiveCfg = Debug|Any CPU
		{8BC44415-632D-4987-A5D5-23DAE81F0ED3}.Debug|Any CPU.Build.0 = Debug|Any CPU
		{8BC44415-632D-4987-A5D5-23DAE81F0ED3}.Release|Any CPU.ActiveCfg = Release|Any CPU
		{8BC44415-632D-4987-A5D5-23DAE81F0ED3}.Release|Any CPU.Build.0 = Release|Any CPU
	EndGlobalSection
	GlobalSection(SolutionProperties) = preSolution
		HideSolutionNode = FALSE
	EndGlobalSection
	GlobalSection(ExtensibilityGlobals) = postSolution
		SolutionGuid = {F16840F9-C06B-4ECA-B812-32306603347A}
	EndGlobalSection
EndGlobal
